
Microsoft Visual Studio Solution File, Format Version 11.00
# Visual Web Developer Express 2010
Project("{FAE04EC0-301F-11D3-BF4B-00C04F79EFBC}") = "GitProductionProject2", "GitProductionProject2\GitProductionProject2.csproj", "{DAD41653-E140-40AA-83B3-C19DCE206EDB}"
EndProject
Global
	GlobalSection(SolutionConfigurationPlatforms) = preSolution
		Debug|Any CPU = Debug|Any CPU
		Release|Any CPU = Release|Any CPU
	EndGlobalSection
	GlobalSection(ProjectConfigurationPlatforms) = postSolution
		{DAD41653-E140-40AA-83B3-C19DCE206EDB}.Debug|Any CPU.ActiveCfg = Debug|Any CPU
		{DAD41653-E140-40AA-83B3-C19DCE206EDB}.Debug|Any CPU.Build.0 = Debug|Any CPU
		{DAD41653-E140-40AA-83B3-C19DCE206EDB}.Release|Any CPU.ActiveCfg = Release|Any CPU
		{DAD41653-E140-40AA-83B3-C19DCE206EDB}.Release|Any CPU.Build.0 = Release|Any CPU
	EndGlobalSection
	GlobalSection(SolutionProperties) = preSolution
		HideSolutionNode = FALSE
	EndGlobalSection
EndGlobal
